
Microsoft Visual Studio Solution File, Format Version 12.00
# Visual Studio Version 17
VisualStudioVersion = 17.13.35931.197 d17.13
MinimumVisualStudioVersion = 10.0.40219.1
Project("{FAE04EC0-301F-11D3-BF4B-00C04F79EFBC}") = "ExcellentResult", "ExcellentResult\ExcellentResult.csproj", "{0CD6D598-B0FD-4426-AC27-10ABB294703B}"
EndProject
Project("{FAE04EC0-301F-11D3-BF4B-00C04F79EFBC}") = "GreaterNumber", "GreaterNumber\GreaterNumber.csproj", "{A5F178E2-B066-4A2E-BF22-7B4DEBAAB10E}"
EndProject
Project("{FAE04EC0-301F-11D3-BF4B-00C04F79EFBC}") = "EvenOrOdd", "EvenOrOdd\EvenOrOdd.csproj", "{48ECA6ED-579A-4885-AC12-2435FA7147B6}"
EndProject
Project("{FAE04EC0-301F-11D3-BF4B-00C04F79EFBC}") = "PasswordGuess", "PasswordGuess\PasswordGuess.csproj", "{501B0BE7-1C2A-4353-B278-69D0B46B442E}"
EndProject
Project("{FAE04EC0-301F-11D3-BF4B-00C04F79EFBC}") = "NumberFrom100To200", "NumberFrom100To200\NumberFrom100To200.csproj", "{DDA8BE72-3AE6-42C3-BD43-330FA390D8AB}"
EndProject
Project("{FAE04EC0-301F-11D3-BF4B-00C04F79EFBC}") = "SpeedInfo", "SpeedInfo\SpeedInfo.csproj", "{03FA4649-4E67-4685-A6FC-179F7315B11C}"
EndProject
Project("{FAE04EC0-301F-11D3-BF4B-00C04F79EFBC}") = "AreaOfFigures", "AreaOfFigures\AreaOfFigures.csproj", "{06BA365D-F0B5-4A67-8476-7E32EE429174}"
EndProject
Global
	GlobalSection(SolutionConfigurationPlatforms) = preSolution
		Debug|Any CPU = Debug|Any CPU
		Release|Any CPU = Release|Any CPU
	EndGlobalSection
	GlobalSection(ProjectConfigurationPlatforms) = postSolution
		{0CD6D598-B0FD-4426-AC27-10ABB294703B}.Debug|Any CPU.ActiveCfg = Debug|Any CPU
		{0CD6D598-B0FD-4426-AC27-10ABB294703B}.Debug|Any CPU.Build.0 = Debug|Any CPU
		{0CD6D598-B0FD-4426-AC27-10ABB294703B}.Release|Any CPU.ActiveCfg = Release|Any CPU
		{0CD6D598-B0FD-4426-AC27-10ABB294703B}.Release|Any CPU.Build.0 = Release|Any CPU
		{A5F178E2-B066-4A2E-BF22-7B4DEBAAB10E}.Debug|Any CPU.ActiveCfg = Debug|Any CPU
		{A5F178E2-B066-4A2E-BF22-7B4DEBAAB10E}.Debug|Any CPU.Build.0 = Debug|Any CPU
		{A5F178E2-B066-4A2E-BF22-7B4DEBAAB10E}.Release|Any CPU.ActiveCfg = Release|Any CPU
		{A5F178E2-B066-4A2E-BF22-7B4DEBAAB10E}.Release|Any CPU.Build.0 = Release|Any CPU
		{48ECA6ED-579A-4885-AC12-2435FA7147B6}.Debug|Any CPU.ActiveCfg = Debug|Any CPU
		{48ECA6ED-579A-4885-AC12-2435FA7147B6}.Debug|Any CPU.Build.0 = Debug|Any CPU
		{48ECA6ED-579A-4885-AC12-2435FA7147B6}.Release|Any CPU.ActiveCfg = Release|Any CPU
		{48ECA6ED-579A-4885-AC12-2435FA7147B6}.Release|Any CPU.Build.0 = Release|Any CPU
		{501B0BE7-1C2A-4353-B278-69D0B46B442E}.Debug|Any CPU.ActiveCfg = Debug|Any CPU
		{501B0BE7-1C2A-4353-B278-69D0B46B442E}.Debug|Any CPU.Build.0 = Debug|Any CPU
		{501B0BE7-1C2A-4353-B278-69D0B46B442E}.Release|Any CPU.ActiveCfg = Release|Any CPU
		{501B0BE7-1C2A-4353-B278-69D0B46B442E}.Release|Any CPU.Build.0 = Release|Any CPU
		{DDA8BE72-3AE6-42C3-BD43-330FA390D8AB}.Debug|Any CPU.ActiveCfg = Debug|Any CPU
		{DDA8BE72-3AE6-42C3-BD43-330FA390D8AB}.Debug|Any CPU.Build.0 = Debug|Any CPU
		{DDA8BE72-3AE6-42C3-BD43-330FA390D8AB}.Release|Any CPU.ActiveCfg = Release|Any CPU
		{DDA8BE72-3AE6-42C3-BD43-330FA390D8AB}.Release|Any CPU.Build.0 = Release|Any CPU
		{03FA4649-4E67-4685-A6FC-179F7315B11C}.Debug|Any CPU.ActiveCfg = Debug|Any CPU
		{03FA4649-4E67-4685-A6FC-179F7315B11C}.Debug|Any CPU.Build.0 = Debug|Any CPU
		{03FA4649-4E67-4685-A6FC-179F7315B11C}.Release|Any CPU.ActiveCfg = Release|Any CPU
		{03FA4649-4E67-4685-A6FC-179F7315B11C}.Release|Any CPU.Build.0 = Release|Any CPU
		{06BA365D-F0B5-4A67-8476-7E32EE429174}.Debug|Any CPU.ActiveCfg = Debug|Any CPU
		{06BA365D-F0B5-4A67-8476-7E32EE429174}.Debug|Any CPU.Build.0 = Debug|Any CPU
		{06BA365D-F0B5-4A67-8476-7E32EE429174}.Release|Any CPU.ActiveCfg = Release|Any CPU
		{06BA365D-F0B5-4A67-8476-7E32EE429174}.Release|Any CPU.Build.0 = Release|Any CPU
	EndGlobalSection
	GlobalSection(SolutionProperties) = preSolution
		HideSolutionNode = FALSE
	EndGlobalSection
	GlobalSection(ExtensibilityGlobals) = postSolution
		SolutionGuid = {9EAD686E-2295-452D-B037-F188B762C5C5}
	EndGlobalSection
EndGlobal
