
Microsoft Visual Studio Solution File, Format Version 12.00
# Visual Studio Version 17
VisualStudioVersion = 17.13.35931.197
MinimumVisualStudioVersion = 10.0.40219.1
Project("{FAE04EC0-301F-11D3-BF4B-00C04F79EFBC}") = "Cinema", "Cinema\Cinema.csproj", "{9F4158CF-DBAB-44D2-A3FA-77B61C7984EF}"
EndProject
Project("{FAE04EC0-301F-11D3-BF4B-00C04F79EFBC}") = "SummerOutfit", "SummerOutfit\SummerOutfit.csproj", "{CDEDD4E3-A6E8-4C06-8897-A11FA91CCB1D}"
EndProject
Project("{FAE04EC0-301F-11D3-BF4B-00C04F79EFBC}") = "NewHouse", "NewHouse\NewHouse.csproj", "{19B496C9-7B64-4462-A357-7C0C1D236EE4}"
EndProject
Project("{FAE04EC0-301F-11D3-BF4B-00C04F79EFBC}") = "FishingBoat", "FishingBoat\FishingBoat.csproj", "{A4F2381C-6D18-41B8-B1AC-F644E49D5BA5}"
EndProject
Project("{FAE04EC0-301F-11D3-BF4B-00C04F79EFBC}") = "Journey", "Journey\Journey.csproj", "{E6911A2E-17E1-4F35-AA0C-CF33F0B5A66B}"
EndProject
Project("{FAE04EC0-301F-11D3-BF4B-00C04F79EFBC}") = "OperationsBetweenNumbers", "OperationsBetweenNumbers\OperationsBetweenNumbers.csproj", "{533A203C-4AD8-4CA0-9FA1-502EFF3CB8E0}"
EndProject
Project("{FAE04EC0-301F-11D3-BF4B-00C04F79EFBC}") = "HotelRoom", "HotelRoom\HotelRoom.csproj", "{A8A98483-FC5D-48E2-B021-B416430F7A74}"
EndProject
Project("{FAE04EC0-301F-11D3-BF4B-00C04F79EFBC}") = "OnTimeForTheExam", "OnTimeForTheExam\OnTimeForTheExam.csproj", "{32ADAB29-3DCD-4F0A-B7FC-51C8AD9C57BE}"
EndProject
Project("{FAE04EC0-301F-11D3-BF4B-00C04F79EFBC}") = "SkiTrip", "SkiTrip\SkiTrip.csproj", "{21B7BA59-C97D-4BEA-838D-C0A10AF2DD5D}"
EndProject
Global
	GlobalSection(SolutionConfigurationPlatforms) = preSolution
		Debug|Any CPU = Debug|Any CPU
		Release|Any CPU = Release|Any CPU
	EndGlobalSection
	GlobalSection(ProjectConfigurationPlatforms) = postSolution
		{9F4158CF-DBAB-44D2-A3FA-77B61C7984EF}.Debug|Any CPU.ActiveCfg = Debug|Any CPU
		{9F4158CF-DBAB-44D2-A3FA-77B61C7984EF}.Debug|Any CPU.Build.0 = Debug|Any CPU
		{9F4158CF-DBAB-44D2-A3FA-77B61C7984EF}.Release|Any CPU.ActiveCfg = Release|Any CPU
		{9F4158CF-DBAB-44D2-A3FA-77B61C7984EF}.Release|Any CPU.Build.0 = Release|Any CPU
		{CDEDD4E3-A6E8-4C06-8897-A11FA91CCB1D}.Debug|Any CPU.ActiveCfg = Debug|Any CPU
		{CDEDD4E3-A6E8-4C06-8897-A11FA91CCB1D}.Debug|Any CPU.Build.0 = Debug|Any CPU
		{CDEDD4E3-A6E8-4C06-8897-A11FA91CCB1D}.Release|Any CPU.ActiveCfg = Release|Any CPU
		{CDEDD4E3-A6E8-4C06-8897-A11FA91CCB1D}.Release|Any CPU.Build.0 = Release|Any CPU
		{19B496C9-7B64-4462-A357-7C0C1D236EE4}.Debug|Any CPU.ActiveCfg = Debug|Any CPU
		{19B496C9-7B64-4462-A357-7C0C1D236EE4}.Debug|Any CPU.Build.0 = Debug|Any CPU
		{19B496C9-7B64-4462-A357-7C0C1D236EE4}.Release|Any CPU.ActiveCfg = Release|Any CPU
		{19B496C9-7B64-4462-A357-7C0C1D236EE4}.Release|Any CPU.Build.0 = Release|Any CPU
		{A4F2381C-6D18-41B8-B1AC-F644E49D5BA5}.Debug|Any CPU.ActiveCfg = Debug|Any CPU
		{A4F2381C-6D18-41B8-B1AC-F644E49D5BA5}.Debug|Any CPU.Build.0 = Debug|Any CPU
		{A4F2381C-6D18-41B8-B1AC-F644E49D5BA5}.Release|Any CPU.ActiveCfg = Release|Any CPU
		{A4F2381C-6D18-41B8-B1AC-F644E49D5BA5}.Release|Any CPU.Build.0 = Release|Any CPU
		{E6911A2E-17E1-4F35-AA0C-CF33F0B5A66B}.Debug|Any CPU.ActiveCfg = Debug|Any CPU
		{E6911A2E-17E1-4F35-AA0C-CF33F0B5A66B}.Debug|Any CPU.Build.0 = Debug|Any CPU
		{E6911A2E-17E1-4F35-AA0C-CF33F0B5A66B}.Release|Any CPU.ActiveCfg = Release|Any CPU
		{E6911A2E-17E1-4F35-AA0C-CF33F0B5A66B}.Release|Any CPU.Build.0 = Release|Any CPU
		{533A203C-4AD8-4CA0-9FA1-502EFF3CB8E0}.Debug|Any CPU.ActiveCfg = Debug|Any CPU
		{533A203C-4AD8-4CA0-9FA1-502EFF3CB8E0}.Debug|Any CPU.Build.0 = Debug|Any CPU
		{533A203C-4AD8-4CA0-9FA1-502EFF3CB8E0}.Release|Any CPU.ActiveCfg = Release|Any CPU
		{533A203C-4AD8-4CA0-9FA1-502EFF3CB8E0}.Release|Any CPU.Build.0 = Release|Any CPU
		{A8A98483-FC5D-48E2-B021-B416430F7A74}.Debug|Any CPU.ActiveCfg = Debug|Any CPU
		{A8A98483-FC5D-48E2-B021-B416430F7A74}.Debug|Any CPU.Build.0 = Debug|Any CPU
		{A8A98483-FC5D-48E2-B021-B416430F7A74}.Release|Any CPU.ActiveCfg = Release|Any CPU
		{A8A98483-FC5D-48E2-B021-B416430F7A74}.Release|Any CPU.Build.0 = Release|Any CPU
		{32ADAB29-3DCD-4F0A-B7FC-51C8AD9C57BE}.Debug|Any CPU.ActiveCfg = Debug|Any CPU
		{32ADAB29-3DCD-4F0A-B7FC-51C8AD9C57BE}.Debug|Any CPU.Build.0 = Debug|Any CPU
		{32ADAB29-3DCD-4F0A-B7FC-51C8AD9C57BE}.Release|Any CPU.ActiveCfg = Release|Any CPU
		{32ADAB29-3DCD-4F0A-B7FC-51C8AD9C57BE}.Release|Any CPU.Build.0 = Release|Any CPU
		{21B7BA59-C97D-4BEA-838D-C0A10AF2DD5D}.Debug|Any CPU.ActiveCfg = Debug|Any CPU
		{21B7BA59-C97D-4BEA-838D-C0A10AF2DD5D}.Debug|Any CPU.Build.0 = Debug|Any CPU
		{21B7BA59-C97D-4BEA-838D-C0A10AF2DD5D}.Release|Any CPU.ActiveCfg = Release|Any CPU
		{21B7BA59-C97D-4BEA-838D-C0A10AF2DD5D}.Release|Any CPU.Build.0 = Release|Any CPU
	EndGlobalSection
	GlobalSection(SolutionProperties) = preSolution
		HideSolutionNode = FALSE
	EndGlobalSection
	GlobalSection(ExtensibilityGlobals) = postSolution
		SolutionGuid = {9A5971FC-0AC3-4DB9-BD77-0A3591B32E50}
	EndGlobalSection
EndGlobal
