
Microsoft Visual Studio Solution File, Format Version 12.00
# Visual Studio Version 17
VisualStudioVersion = 17.13.35931.197 d17.13
MinimumVisualStudioVersion = 10.0.40219.1
Project("{FAE04EC0-301F-11D3-BF4B-00C04F79EFBC}") = "DayOfWeek", "DayOfWeek\DayOfWeek.csproj", "{2ECAF382-35BE-4B81-95CC-2EEF6EB3D0A0}"
EndProject
Project("{FAE04EC0-301F-11D3-BF4B-00C04F79EFBC}") = "WeekendOrWorkingDay", "WeekendOrWorkingDay\WeekendOrWorkingDay.csproj", "{806C72D6-F3BF-4893-BCE2-B6820D57C712}"
EndProject
Project("{FAE04EC0-301F-11D3-BF4B-00C04F79EFBC}") = "AnimalType", "AnimalType\AnimalType.csproj", "{A1843DD8-4641-43A0-9845-00C62B94039C}"
EndProject
Project("{FAE04EC0-301F-11D3-BF4B-00C04F79EFBC}") = "PersonalTitles", "PersonalTitles\PersonalTitles.csproj", "{8D628F53-64BB-46FF-A82D-51FA2A977C2D}"
EndProject
Project("{FAE04EC0-301F-11D3-BF4B-00C04F79EFBC}") = "SmallShop", "SmallShop\SmallShop.csproj", "{C51F2D90-721E-4CF0-975F-0FE14E28B4E0}"
EndProject
Project("{FAE04EC0-301F-11D3-BF4B-00C04F79EFBC}") = "NumberInRange", "NumberInRange\NumberInRange.csproj", "{68D08F23-C7ED-48A3-9801-5AE19ABD92C7}"
EndProject
Project("{FAE04EC0-301F-11D3-BF4B-00C04F79EFBC}") = "WorkingHours", "WorkingHours\WorkingHours.csproj", "{F4C73254-8249-49E9-BEE0-2CB890DB265C}"
EndProject
Project("{FAE04EC0-301F-11D3-BF4B-00C04F79EFBC}") = "CinemaTicket", "CinemaTicket\CinemaTicket.csproj", "{B691DE48-7C32-4A09-99DF-2A9146C74D94}"
EndProject
Project("{FAE04EC0-301F-11D3-BF4B-00C04F79EFBC}") = "FruitOrVegetable", "FruitOrVegetable\FruitOrVegetable.csproj", "{A2B6BAC4-EE1F-494E-A40B-A2A73B37222C}"
EndProject
Project("{FAE04EC0-301F-11D3-BF4B-00C04F79EFBC}") = "InvalidNumber", "InvalidNumber\InvalidNumber.csproj", "{E4DEC38D-CCC6-4FF1-BD1E-37209A3DF6D6}"
EndProject
Project("{FAE04EC0-301F-11D3-BF4B-00C04F79EFBC}") = "FruitShop", "FruitShop\FruitShop.csproj", "{FEF5304C-D524-4995-99BD-DA59981A4316}"
EndProject
Project("{FAE04EC0-301F-11D3-BF4B-00C04F79EFBC}") = "TradeCommissions", "TradeCommissions\TradeCommissions.csproj", "{4A61D896-33D9-41DB-A5D3-AEEC213C6471}"
EndProject
Global
	GlobalSection(SolutionConfigurationPlatforms) = preSolution
		Debug|Any CPU = Debug|Any CPU
		Release|Any CPU = Release|Any CPU
	EndGlobalSection
	GlobalSection(ProjectConfigurationPlatforms) = postSolution
		{2ECAF382-35BE-4B81-95CC-2EEF6EB3D0A0}.Debug|Any CPU.ActiveCfg = Debug|Any CPU
		{2ECAF382-35BE-4B81-95CC-2EEF6EB3D0A0}.Debug|Any CPU.Build.0 = Debug|Any CPU
		{2ECAF382-35BE-4B81-95CC-2EEF6EB3D0A0}.Release|Any CPU.ActiveCfg = Release|Any CPU
		{2ECAF382-35BE-4B81-95CC-2EEF6EB3D0A0}.Release|Any CPU.Build.0 = Release|Any CPU
		{806C72D6-F3BF-4893-BCE2-B6820D57C712}.Debug|Any CPU.ActiveCfg = Debug|Any CPU
		{806C72D6-F3BF-4893-BCE2-B6820D57C712}.Debug|Any CPU.Build.0 = Debug|Any CPU
		{806C72D6-F3BF-4893-BCE2-B6820D57C712}.Release|Any CPU.ActiveCfg = Release|Any CPU
		{806C72D6-F3BF-4893-BCE2-B6820D57C712}.Release|Any CPU.Build.0 = Release|Any CPU
		{A1843DD8-4641-43A0-9845-00C62B94039C}.Debug|Any CPU.ActiveCfg = Debug|Any CPU
		{A1843DD8-4641-43A0-9845-00C62B94039C}.Debug|Any CPU.Build.0 = Debug|Any CPU
		{A1843DD8-4641-43A0-9845-00C62B94039C}.Release|Any CPU.ActiveCfg = Release|Any CPU
		{A1843DD8-4641-43A0-9845-00C62B94039C}.Release|Any CPU.Build.0 = Release|Any CPU
		{8D628F53-64BB-46FF-A82D-51FA2A977C2D}.Debug|Any CPU.ActiveCfg = Debug|Any CPU
		{8D628F53-64BB-46FF-A82D-51FA2A977C2D}.Debug|Any CPU.Build.0 = Debug|Any CPU
		{8D628F53-64BB-46FF-A82D-51FA2A977C2D}.Release|Any CPU.ActiveCfg = Release|Any CPU
		{8D628F53-64BB-46FF-A82D-51FA2A977C2D}.Release|Any CPU.Build.0 = Release|Any CPU
		{C51F2D90-721E-4CF0-975F-0FE14E28B4E0}.Debug|Any CPU.ActiveCfg = Debug|Any CPU
		{C51F2D90-721E-4CF0-975F-0FE14E28B4E0}.Debug|Any CPU.Build.0 = Debug|Any CPU
		{C51F2D90-721E-4CF0-975F-0FE14E28B4E0}.Release|Any CPU.ActiveCfg = Release|Any CPU
		{C51F2D90-721E-4CF0-975F-0FE14E28B4E0}.Release|Any CPU.Build.0 = Release|Any CPU
		{68D08F23-C7ED-48A3-9801-5AE19ABD92C7}.Debug|Any CPU.ActiveCfg = Debug|Any CPU
		{68D08F23-C7ED-48A3-9801-5AE19ABD92C7}.Debug|Any CPU.Build.0 = Debug|Any CPU
		{68D08F23-C7ED-48A3-9801-5AE19ABD92C7}.Release|Any CPU.ActiveCfg = Release|Any CPU
		{68D08F23-C7ED-48A3-9801-5AE19ABD92C7}.Release|Any CPU.Build.0 = Release|Any CPU
		{F4C73254-8249-49E9-BEE0-2CB890DB265C}.Debug|Any CPU.ActiveCfg = Debug|Any CPU
		{F4C73254-8249-49E9-BEE0-2CB890DB265C}.Debug|Any CPU.Build.0 = Debug|Any CPU
		{F4C73254-8249-49E9-BEE0-2CB890DB265C}.Release|Any CPU.ActiveCfg = Release|Any CPU
		{F4C73254-8249-49E9-BEE0-2CB890DB265C}.Release|Any CPU.Build.0 = Release|Any CPU
		{B691DE48-7C32-4A09-99DF-2A9146C74D94}.Debug|Any CPU.ActiveCfg = Debug|Any CPU
		{B691DE48-7C32-4A09-99DF-2A9146C74D94}.Debug|Any CPU.Build.0 = Debug|Any CPU
		{B691DE48-7C32-4A09-99DF-2A9146C74D94}.Release|Any CPU.ActiveCfg = Release|Any CPU
		{B691DE48-7C32-4A09-99DF-2A9146C74D94}.Release|Any CPU.Build.0 = Release|Any CPU
		{A2B6BAC4-EE1F-494E-A40B-A2A73B37222C}.Debug|Any CPU.ActiveCfg = Debug|Any CPU
		{A2B6BAC4-EE1F-494E-A40B-A2A73B37222C}.Debug|Any CPU.Build.0 = Debug|Any CPU
		{A2B6BAC4-EE1F-494E-A40B-A2A73B37222C}.Release|Any CPU.ActiveCfg = Release|Any CPU
		{A2B6BAC4-EE1F-494E-A40B-A2A73B37222C}.Release|Any CPU.Build.0 = Release|Any CPU
		{E4DEC38D-CCC6-4FF1-BD1E-37209A3DF6D6}.Debug|Any CPU.ActiveCfg = Debug|Any CPU
		{E4DEC38D-CCC6-4FF1-BD1E-37209A3DF6D6}.Debug|Any CPU.Build.0 = Debug|Any CPU
		{E4DEC38D-CCC6-4FF1-BD1E-37209A3DF6D6}.Release|Any CPU.ActiveCfg = Release|Any CPU
		{E4DEC38D-CCC6-4FF1-BD1E-37209A3DF6D6}.Release|Any CPU.Build.0 = Release|Any CPU
		{FEF5304C-D524-4995-99BD-DA59981A4316}.Debug|Any CPU.ActiveCfg = Debug|Any CPU
		{FEF5304C-D524-4995-99BD-DA59981A4316}.Debug|Any CPU.Build.0 = Debug|Any CPU
		{FEF5304C-D524-4995-99BD-DA59981A4316}.Release|Any CPU.ActiveCfg = Release|Any CPU
		{FEF5304C-D524-4995-99BD-DA59981A4316}.Release|Any CPU.Build.0 = Release|Any CPU
		{4A61D896-33D9-41DB-A5D3-AEEC213C6471}.Debug|Any CPU.ActiveCfg = Debug|Any CPU
		{4A61D896-33D9-41DB-A5D3-AEEC213C6471}.Debug|Any CPU.Build.0 = Debug|Any CPU
		{4A61D896-33D9-41DB-A5D3-AEEC213C6471}.Release|Any CPU.ActiveCfg = Release|Any CPU
		{4A61D896-33D9-41DB-A5D3-AEEC213C6471}.Release|Any CPU.Build.0 = Release|Any CPU
	EndGlobalSection
	GlobalSection(SolutionProperties) = preSolution
		HideSolutionNode = FALSE
	EndGlobalSection
	GlobalSection(ExtensibilityGlobals) = postSolution
		SolutionGuid = {54798773-1BA2-459E-9FF5-9BD5ED32E491}
	EndGlobalSection
EndGlobal
